
Microsoft Visual Studio Solution File, Format Version 12.00
# Visual Studio Version 17
VisualStudioVersion = 17.1.32414.318
MinimumVisualStudioVersion = 10.0.40219.1
Project("{9A19103F-16F7-4668-BE54-9A1E7A4F7556}") = "PTS.WebAPI", "PTS.WebAPI\PTS.WebAPI.csproj", "{8BBEFB0E-6C32-4FAE-829E-CC67827CCC11}"
EndProject
Project("{9A19103F-16F7-4668-BE54-9A1E7A4F7556}") = "PTS.Data", "PTS.Data\PTS.Data.csproj", "{A0564143-974A-44D9-8B1B-0709A479AD1B}"
EndProject
Project("{FAE04EC0-301F-11D3-BF4B-00C04F79EFBC}") = "PTS.MVC", "PTS.MVC\PTS.MVC.csproj", "{E7889EDA-3D0D-4362-8DBE-B8C6AFE81D2C}"
EndProject
Global
	GlobalSection(SolutionConfigurationPlatforms) = preSolution
		Debug|Any CPU = Debug|Any CPU
		Release|Any CPU = Release|Any CPU
	EndGlobalSection
	GlobalSection(ProjectConfigurationPlatforms) = postSolution
		{8BBEFB0E-6C32-4FAE-829E-CC67827CCC11}.Debug|Any CPU.ActiveCfg = Debug|Any CPU
		{8BBEFB0E-6C32-4FAE-829E-CC67827CCC11}.Debug|Any CPU.Build.0 = Debug|Any CPU
		{8BBEFB0E-6C32-4FAE-829E-CC67827CCC11}.Release|Any CPU.ActiveCfg = Release|Any CPU
		{8BBEFB0E-6C32-4FAE-829E-CC67827CCC11}.Release|Any CPU.Build.0 = Release|Any CPU
		{A0564143-974A-44D9-8B1B-0709A479AD1B}.Debug|Any CPU.ActiveCfg = Debug|Any CPU
		{A0564143-974A-44D9-8B1B-0709A479AD1B}.Debug|Any CPU.Build.0 = Debug|Any CPU
		{A0564143-974A-44D9-8B1B-0709A479AD1B}.Release|Any CPU.ActiveCfg = Release|Any CPU
		{A0564143-974A-44D9-8B1B-0709A479AD1B}.Release|Any CPU.Build.0 = Release|Any CPU
		{E7889EDA-3D0D-4362-8DBE-B8C6AFE81D2C}.Debug|Any CPU.ActiveCfg = Debug|Any CPU
		{E7889EDA-3D0D-4362-8DBE-B8C6AFE81D2C}.Debug|Any CPU.Build.0 = Debug|Any CPU
		{E7889EDA-3D0D-4362-8DBE-B8C6AFE81D2C}.Release|Any CPU.ActiveCfg = Release|Any CPU
		{E7889EDA-3D0D-4362-8DBE-B8C6AFE81D2C}.Release|Any CPU.Build.0 = Release|Any CPU
	EndGlobalSection
	GlobalSection(SolutionProperties) = preSolution
		HideSolutionNode = FALSE
	EndGlobalSection
	GlobalSection(ExtensibilityGlobals) = postSolution
		SolutionGuid = {82D449D9-F344-4E77-A365-5BB0A988C18F}
	EndGlobalSection
EndGlobal
